dependencies:
- name: helm-product
  repository: oci://ghcr.io/onecx/charts
  version: 0.3.0
- name: onecx-shell-bff
  repository: oci://ghcr.io/onecx/charts
  version: 1.10.0-rc.9
- name: onecx-shell-ui
  repository: oci://ghcr.io/onecx/charts
  version: 3.0.0-rc.56
digest: sha256:0ca193c59efc62fa64f8ddcef12fd85224f9de7619db6eaf0e88529a026ca7a9
generated: "2025-10-31T06:46:41.965749768Z"
